// !$*UTF8*$!
{
	archiveVersion = 1;
	classes = {
	};
	objectVersion = 50;
	objects = {

/* Begin PBXBuildFile section */
		5BA2007145D84E89626AA355 /* libPods-MovieList.a in Frameworks */ = {isa = PBXBuildFile; fileRef = 4FF7BD7CFFFFF83B9718529C /* libPods-MovieList.a */; };
		ACE3523120AAB6B3003A01FD /* AppDelegate.m in Sources */ = {isa = PBXBuildFile; fileRef = ACE3523020AAB6B3003A01FD /* AppDelegate.m */; };
		ACE3523420AAB6B3003A01FD /* ViewController.m in Sources */ = {isa = PBXBuildFile; fileRef = ACE3523320AAB6B3003A01FD /* ViewController.m */; };
		ACE3523720AAB6B3003A01FD /* Main.storyboard in Resources */ = {isa = PBXBuildFile; fileRef = ACE3523520AAB6B3003A01FD /* Main.storyboard */; };
		ACE3523920AAB6B8003A01FD /* Assets.xcassets in Resources */ = {isa = PBXBuildFile; fileRef = ACE3523820AAB6B8003A01FD /* Assets.xcassets */; };
		ACE3523C20AAB6B8003A01FD /* LaunchScreen.storyboard in Resources */ = {isa = PBXBuildFile; fileRef = ACE3523A20AAB6B8003A01FD /* LaunchScreen.storyboard */; };
		ACE3523F20AAB6B8003A01FD /* main.m in Sources */ = {isa = PBXBuildFile; fileRef = ACE3523E20AAB6B8003A01FD /* main.m */; };
		ACE3524920AAB6B9003A01FD /* MovieListTests.m in Sources */ = {isa = PBXBuildFile; fileRef = ACE3524820AAB6B9003A01FD /* MovieListTests.m */; };
		ACE3525420AAB6B9003A01FD /* MovieListUITests.m in Sources */ = {isa = PBXBuildFile; fileRef = ACE3525320AAB6B9003A01FD /* MovieListUITests.m */; };
		ACE3526320AACBFA003A01FD /* APIManager.m in Sources */ = {isa = PBXBuildFile; fileRef = ACE3526220AACBFA003A01FD /* APIManager.m */; };
		ACE3526720AAD899003A01FD /* ViewDataPresenter.m in Sources */ = {isa = PBXBuildFile; fileRef = ACE3526620AAD899003A01FD /* ViewDataPresenter.m */; };
		ACE3526D20AAE270003A01FD /* ShortMovie.m in Sources */ = {isa = PBXBuildFile; fileRef = ACE3526C20AAE270003A01FD /* ShortMovie.m */; };
		ACE3527020AAE299003A01FD /* FullMovie.m in Sources */ = {isa = PBXBuildFile; fileRef = ACE3526F20AAE299003A01FD /* FullMovie.m */; };
		ACE3527420AAFDE3003A01FD /* MovieTableViewCell.m in Sources */ = {isa = PBXBuildFile; fileRef = ACE3527220AAFDE3003A01FD /* MovieTableViewCell.m */; };
		ACE3527520AAFDE3003A01FD /* MovieTableViewCell.xib in Resources */ = {isa = PBXBuildFile; fileRef = ACE3527320AAFDE3003A01FD /* MovieTableViewCell.xib */; };
		ACE3527820AC349E003A01FD /* ImagesCache.m in Sources */ = {isa = PBXBuildFile; fileRef = ACE3527620AC349D003A01FD /* ImagesCache.m */; };
		ACE3527B20AC4E3C003A01FD /* DetailViewController.m in Sources */ = {isa = PBXBuildFile; fileRef = ACE3527A20AC4E3C003A01FD /* DetailViewController.m */; };
		ACE3527D20AC4E53003A01FD /* Detail.storyboard in Resources */ = {isa = PBXBuildFile; fileRef = ACE3527C20AC4E53003A01FD /* Detail.storyboard */; };
		ACE3528420AD6545003A01FD /* MenuTableViewController.m in Sources */ = {isa = PBXBuildFile; fileRef = ACE3528320AD6545003A01FD /* MenuTableViewController.m */; };
		ACE3528620AD6582003A01FD /* Menu.storyboard in Resources */ = {isa = PBXBuildFile; fileRef = ACE3528520AD6582003A01FD /* Menu.storyboard */; };
		ACE3528820ADC881003A01FD /* SearchResult.storyboard in Resources */ = {isa = PBXBuildFile; fileRef = ACE3528720ADC881003A01FD /* SearchResult.storyboard */; };
		ACE3528B20ADCAF9003A01FD /* SearchResultTableViewController.m in Sources */ = {isa = PBXBuildFile; fileRef = ACE3528A20ADCAF9003A01FD /* SearchResultTableViewController.m */; };
		AFF48C931533957474937160 /* libPods-MovieListUITests.a in Frameworks */ = {isa = PBXBuildFile; fileRef = DC3C47EBCDE358AA940ED1F1 /* libPods-MovieListUITests.a */; };
		FE447F58EE664B7EC1DA81D3 /* libPods-MovieListTests.a in Frameworks */ = {isa = PBXBuildFile; fileRef = 0FF5B69687B69A3F5FC69108 /* libPods-MovieListTests.a */; };
/* End PBXBuildFile section */

/* Begin PBXContainerItemProxy section */
		ACE3524520AAB6B9003A01FD /* PBXContainerItemProxy */ = {
			isa = PBXContainerItemProxy;
			containerPortal = ACE3522420AAB6B3003A01FD /* Project object */;
			proxyType = 1;
			remoteGlobalIDString = ACE3522B20AAB6B3003A01FD;
			remoteInfo = MovieList;
		};
		ACE3525020AAB6B9003A01FD /* PBXContainerItemProxy */ = {
			isa = PBXContainerItemProxy;
			containerPortal = ACE3522420AAB6B3003A01FD /* Project object */;
			proxyType = 1;
			remoteGlobalIDString = ACE3522B20AAB6B3003A01FD;
			remoteInfo = MovieList;
		};
/* End PBXContainerItemProxy section */

/* Begin PBXFileReference section */
		084CE6F69EBDF2F87B1D979D /* Pods-MovieList.release.xcconfig */ = {isa = PBXFileReference; includeInIndex = 1; lastKnownFileType = text.xcconfig; name = "Pods-MovieList.release.xcconfig"; path = "Pods/Target Support Files/Pods-MovieList/Pods-MovieList.release.xcconfig"; sourceTree = "<group>"; };
		0FF5B69687B69A3F5FC69108 /* libPods-MovieListTests.a */ = {isa = PBXFileReference; explicitFileType = archive.ar; includeInIndex = 0; path = "libPods-MovieListTests.a"; sourceTree = BUILT_PRODUCTS_DIR; };
		210C27065E68F58F1DAB24B5 /* Pods-MovieListUITests.debug.xcconfig */ = {isa = PBXFileReference; includeInIndex = 1; lastKnownFileType = text.xcconfig; name = "Pods-MovieListUITests.debug.xcconfig"; path = "Pods/Target Support Files/Pods-MovieListUITests/Pods-MovieListUITests.debug.xcconfig"; sourceTree = "<group>"; };
		3642542B21C2EFADA1D4879F /* Pods-MovieListTests.debug.xcconfig */ = {isa = PBXFileReference; includeInIndex = 1; lastKnownFileType = text.xcconfig; name = "Pods-MovieListTests.debug.xcconfig"; path = "Pods/Target Support Files/Pods-MovieListTests/Pods-MovieListTests.debug.xcconfig"; sourceTree = "<group>"; };
		4FF7BD7CFFFFF83B9718529C /* libPods-MovieList.a */ = {isa = PBXFileReference; explicitFileType = archive.ar; includeInIndex = 0; path = "libPods-MovieList.a"; sourceTree = BUILT_PRODUCTS_DIR; };
		52BC6FE9AE1FEA050099244F /* Pods-MovieListUITests.release.xcconfig */ = {isa = PBXFileReference; includeInIndex = 1; lastKnownFileType = text.xcconfig; name = "Pods-MovieListUITests.release.xcconfig"; path = "Pods/Target Support Files/Pods-MovieListUITests/Pods-MovieListUITests.release.xcconfig"; sourceTree = "<group>"; };
		5EE05A2FC362D91AA3034DAB /* Pods-MovieList.debug.xcconfig */ = {isa = PBXFileReference; includeInIndex = 1; lastKnownFileType = text.xcconfig; name = "Pods-MovieList.debug.xcconfig"; path = "Pods/Target Support Files/Pods-MovieList/Pods-MovieList.debug.xcconfig"; sourceTree = "<group>"; };
		85FF81D13022E91D45134B4D /* Pods-MovieListTests.release.xcconfig */ = {isa = PBXFileReference; includeInIndex = 1; lastKnownFileType = text.xcconfig; name = "Pods-MovieListTests.release.xcconfig"; path = "Pods/Target Support Files/Pods-MovieListTests/Pods-MovieListTests.release.xcconfig"; sourceTree = "<group>"; };
		ACE3522C20AAB6B3003A01FD /* MovieList.app */ = {isa = PBXFileReference; explicitFileType = wrapper.application; includeInIndex = 0; path = MovieList.app; sourceTree = BUILT_PRODUCTS_DIR; };
		ACE3522F20AAB6B3003A01FD /* AppDelegate.h */ = {isa = PBXFileReference; lastKnownFileType = sourcecode.c.h; path = AppDelegate.h; sourceTree = "<group>"; };
		ACE3523020AAB6B3003A01FD /* AppDelegate.m */ = {isa = PBXFileReference; lastKnownFileType = sourcecode.c.objc; path = AppDelegate.m; sourceTree = "<group>"; };
		ACE3523220AAB6B3003A01FD /* ViewController.h */ = {isa = PBXFileReference; lastKnownFileType = sourcecode.c.h; path = ViewController.h; sourceTree = "<group>"; };
		ACE3523320AAB6B3003A01FD /* ViewController.m */ = {isa = PBXFileReference; lastKnownFileType = sourcecode.c.objc; path = ViewController.m; sourceTree = "<group>"; };
		ACE3523620AAB6B3003A01FD /* Base */ = {isa = PBXFileReference; lastKnownFileType = file.storyboard; name = Base; path = Base.lproj/Main.storyboard; sourceTree = "<group>"; };
		ACE3523820AAB6B8003A01FD /* Assets.xcassets */ = {isa = PBXFileReference; lastKnownFileType = folder.assetcatalog; path = Assets.xcassets; sourceTree = "<group>"; };
		ACE3523B20AAB6B8003A01FD /* Base */ = {isa = PBXFileReference; lastKnownFileType = file.storyboard; name = Base; path = Base.lproj/LaunchScreen.storyboard; sourceTree = "<group>"; };
		ACE3523D20AAB6B8003A01FD /* Info.plist */ = {isa = PBXFileReference; lastKnownFileType = text.plist.xml; path = Info.plist; sourceTree = "<group>"; };
		ACE3523E20AAB6B8003A01FD /* main.m */ = {isa = PBXFileReference; lastKnownFileType = sourcecode.c.objc; path = main.m; sourceTree = "<group>"; };
		ACE3524420AAB6B9003A01FD /* MovieListTests.xctest */ = {isa = PBXFileReference; explicitFileType = wrapper.cfbundle; includeInIndex = 0; path = MovieListTests.xctest; sourceTree = BUILT_PRODUCTS_DIR; };
		ACE3524820AAB6B9003A01FD /* MovieListTests.m */ = {isa = PBXFileReference; lastKnownFileType = sourcecode.c.objc; path = MovieListTests.m; sourceTree = "<group>"; };
		ACE3524A20AAB6B9003A01FD /* Info.plist */ = {isa = PBXFileReference; lastKnownFileType = text.plist.xml; path = Info.plist; sourceTree = "<group>"; };
		ACE3524F20AAB6B9003A01FD /* MovieListUITests.xctest */ = {isa = PBXFileReference; explicitFileType = wrapper.cfbundle; includeInIndex = 0; path = MovieListUITests.xctest; sourceTree = BUILT_PRODUCTS_DIR; };
		ACE3525320AAB6B9003A01FD /* MovieListUITests.m */ = {isa = PBXFileReference; lastKnownFileType = sourcecode.c.objc; path = MovieListUITests.m; sourceTree = "<group>"; };
		ACE3525520AAB6B9003A01FD /* Info.plist */ = {isa = PBXFileReference; lastKnownFileType = text.plist.xml; path = Info.plist; sourceTree = "<group>"; };
		ACE3526120AACBFA003A01FD /* APIManager.h */ = {isa = PBXFileReference; lastKnownFileType = sourcecode.c.h; path = APIManager.h; sourceTree = "<group>"; };
		ACE3526220AACBFA003A01FD /* APIManager.m */ = {isa = PBXFileReference; lastKnownFileType = sourcecode.c.objc; path = APIManager.m; sourceTree = "<group>"; };
		ACE3526420AACF7B003A01FD /* PresentDataProtocol.h */ = {isa = PBXFileReference; lastKnownFileType = sourcecode.c.h; path = PresentDataProtocol.h; sourceTree = "<group>"; };
		ACE3526520AAD899003A01FD /* ViewDataPresenter.h */ = {isa = PBXFileReference; lastKnownFileType = sourcecode.c.h; path = ViewDataPresenter.h; sourceTree = "<group>"; };
		ACE3526620AAD899003A01FD /* ViewDataPresenter.m */ = {isa = PBXFileReference; lastKnownFileType = sourcecode.c.objc; path = ViewDataPresenter.m; sourceTree = "<group>"; };
		ACE3526B20AAE270003A01FD /* ShortMovie.h */ = {isa = PBXFileReference; lastKnownFileType = sourcecode.c.h; path = ShortMovie.h; sourceTree = "<group>"; };
		ACE3526C20AAE270003A01FD /* ShortMovie.m */ = {isa = PBXFileReference; lastKnownFileType = sourcecode.c.objc; path = ShortMovie.m; sourceTree = "<group>"; };
		ACE3526E20AAE299003A01FD /* FullMovie.h */ = {isa = PBXFileReference; lastKnownFileType = sourcecode.c.h; path = FullMovie.h; sourceTree = "<group>"; };
		ACE3526F20AAE299003A01FD /* FullMovie.m */ = {isa = PBXFileReference; lastKnownFileType = sourcecode.c.objc; path = FullMovie.m; sourceTree = "<group>"; };
		ACE3527120AAFDE3003A01FD /* MovieTableViewCell.h */ = {isa = PBXFileReference; lastKnownFileType = sourcecode.c.h; path = MovieTableViewCell.h; sourceTree = "<group>"; };
		ACE3527220AAFDE3003A01FD /* MovieTableViewCell.m */ = {isa = PBXFileReference; lastKnownFileType = sourcecode.c.objc; path = MovieTableViewCell.m; sourceTree = "<group>"; };
		ACE3527320AAFDE3003A01FD /* MovieTableViewCell.xib */ = {isa = PBXFileReference; lastKnownFileType = file.xib; path = MovieTableViewCell.xib; sourceTree = "<group>"; };
		ACE3527620AC349D003A01FD /* ImagesCache.m */ = {isa = PBXFileReference; fileEncoding = 4; lastKnownFileType = sourcecode.c.objc; path = ImagesCache.m; sourceTree = "<group>"; };
		ACE3527720AC349E003A01FD /* ImagesCache.h */ = {isa = PBXFileReference; fileEncoding = 4; lastKnownFileType = sourcecode.c.h; path = ImagesCache.h; sourceTree = "<group>"; };
		ACE3527920AC4E3C003A01FD /* DetailViewController.h */ = {isa = PBXFileReference; lastKnownFileType = sourcecode.c.h; path = DetailViewController.h; sourceTree = "<group>"; };
		ACE3527A20AC4E3C003A01FD /* DetailViewController.m */ = {isa = PBXFileReference; lastKnownFileType = sourcecode.c.objc; path = DetailViewController.m; sourceTree = "<group>"; };
		ACE3527C20AC4E53003A01FD /* Detail.storyboard */ = {isa = PBXFileReference; lastKnownFileType = file.storyboard; path = Detail.storyboard; sourceTree = "<group>"; };
		ACE3528220AD6545003A01FD /* MenuTableViewController.h */ = {isa = PBXFileReference; lastKnownFileType = sourcecode.c.h; path = MenuTableViewController.h; sourceTree = "<group>"; };
		ACE3528320AD6545003A01FD /* MenuTableViewController.m */ = {isa = PBXFileReference; lastKnownFileType = sourcecode.c.objc; path = MenuTableViewController.m; sourceTree = "<group>"; };
		ACE3528520AD6582003A01FD /* Menu.storyboard */ = {isa = PBXFileReference; lastKnownFileType = file.storyboard; path = Menu.storyboard; sourceTree = "<group>"; };
		ACE3528720ADC881003A01FD /* SearchResult.storyboard */ = {isa = PBXFileReference; lastKnownFileType = file.storyboard; path = SearchResult.storyboard; sourceTree = "<group>"; };
		ACE3528920ADCAF9003A01FD /* SearchResultTableViewController.h */ = {isa = PBXFileReference; lastKnownFileType = sourcecode.c.h; path = SearchResultTableViewController.h; sourceTree = "<group>"; };
		ACE3528A20ADCAF9003A01FD /* SearchResultTableViewController.m */ = {isa = PBXFileReference; lastKnownFileType = sourcecode.c.objc; path = SearchResultTableViewController.m; sourceTree = "<group>"; };
		DC3C47EBCDE358AA940ED1F1 /* libPods-MovieListUITests.a */ = {isa = PBXFileReference; explicitFileType = archive.ar; includeInIndex = 0; path = "libPods-MovieListUITests.a"; sourceTree = BUILT_PRODUCTS_DIR; };
/* End PBXFileReference section */

/* Begin PBXFrameworksBuildPhase section */
		ACE3522920AAB6B3003A01FD /* Frameworks */ = {
			isa = PBXFrameworksBuildPhase;
			buildActionMask = 2147483647;
			files = (
				5BA2007145D84E89626AA355 /* libPods-MovieList.a in Frameworks */,
			);
			runOnlyForDeploymentPostprocessing = 0;
		};
		ACE3524120AAB6B9003A01FD /* Frameworks */ = {
			isa = PBXFrameworksBuildPhase;
			buildActionMask = 2147483647;
			files = (
				FE447F58EE664B7EC1DA81D3 /* libPods-MovieListTests.a in Frameworks */,
			);
			runOnlyForDeploymentPostprocessing = 0;
		};
		ACE3524C20AAB6B9003A01FD /* Frameworks */ = {
			isa = PBXFrameworksBuildPhase;
			buildActionMask = 2147483647;
			files = (
				AFF48C931533957474937160 /* libPods-MovieListUITests.a in Frameworks */,
			);
			runOnlyForDeploymentPostprocessing = 0;
		};
/* End PBXFrameworksBuildPhase section */

/* Begin PBXGroup section */
		0AE978BAFCB1C65979A9F20D /* Pods */ = {
			isa = PBXGroup;
			children = (
				5EE05A2FC362D91AA3034DAB /* Pods-MovieList.debug.xcconfig */,
				084CE6F69EBDF2F87B1D979D /* Pods-MovieList.release.xcconfig */,
				3642542B21C2EFADA1D4879F /* Pods-MovieListTests.debug.xcconfig */,
				85FF81D13022E91D45134B4D /* Pods-MovieListTests.release.xcconfig */,
				210C27065E68F58F1DAB24B5 /* Pods-MovieListUITests.debug.xcconfig */,
				52BC6FE9AE1FEA050099244F /* Pods-MovieListUITests.release.xcconfig */,
			);
			name = Pods;
			sourceTree = "<group>";
		};
		33A8FF9299E3D2B12A908D62 /* Frameworks */ = {
			isa = PBXGroup;
			children = (
				4FF7BD7CFFFFF83B9718529C /* libPods-MovieList.a */,
				0FF5B69687B69A3F5FC69108 /* libPods-MovieListTests.a */,
				DC3C47EBCDE358AA940ED1F1 /* libPods-MovieListUITests.a */,
			);
			name = Frameworks;
			sourceTree = "<group>";
		};
		ACE3522320AAB6B3003A01FD = {
			isa = PBXGroup;
			children = (
				ACE3522E20AAB6B3003A01FD /* MovieList */,
				ACE3524720AAB6B9003A01FD /* MovieListTests */,
				ACE3525220AAB6B9003A01FD /* MovieListUITests */,
				ACE3522D20AAB6B3003A01FD /* Products */,
				0AE978BAFCB1C65979A9F20D /* Pods */,
				33A8FF9299E3D2B12A908D62 /* Frameworks */,
			);
			sourceTree = "<group>";
		};
		ACE3522D20AAB6B3003A01FD /* Products */ = {
			isa = PBXGroup;
			children = (
				ACE3522C20AAB6B3003A01FD /* MovieList.app */,
				ACE3524420AAB6B9003A01FD /* MovieListTests.xctest */,
				ACE3524F20AAB6B9003A01FD /* MovieListUITests.xctest */,
			);
			name = Products;
			sourceTree = "<group>";
		};
		ACE3522E20AAB6B3003A01FD /* MovieList */ = {
			isa = PBXGroup;
			children = (
				ACE3527E20AD642F003A01FD /* Controllers */,
				ACE3528020AD64CA003A01FD /* Views */,
				ACE3528120AD6510003A01FD /* Model */,
				ACE3523820AAB6B8003A01FD /* Assets.xcassets */,
				ACE3523D20AAB6B8003A01FD /* Info.plist */,
				ACE3523E20AAB6B8003A01FD /* main.m */,
			);
			path = MovieList;
			sourceTree = "<group>";
		};
		ACE3524720AAB6B9003A01FD /* MovieListTests */ = {
			isa = PBXGroup;
			children = (
				ACE3524820AAB6B9003A01FD /* MovieListTests.m */,
				ACE3524A20AAB6B9003A01FD /* Info.plist */,
			);
			path = MovieListTests;
			sourceTree = "<group>";
		};
		ACE3525220AAB6B9003A01FD /* MovieListUITests */ = {
			isa = PBXGroup;
			children = (
				ACE3525320AAB6B9003A01FD /* MovieListUITests.m */,
				ACE3525520AAB6B9003A01FD /* Info.plist */,
			);
			path = MovieListUITests;
			sourceTree = "<group>";
		};
		ACE3527E20AD642F003A01FD /* Controllers */ = {
			isa = PBXGroup;
			children = (
				ACE3523220AAB6B3003A01FD /* ViewController.h */,
				ACE3523320AAB6B3003A01FD /* ViewController.m */,
				ACE3527920AC4E3C003A01FD /* DetailViewController.h */,
				ACE3527A20AC4E3C003A01FD /* DetailViewController.m */,
				ACE3528220AD6545003A01FD /* MenuTableViewController.h */,
				ACE3528320AD6545003A01FD /* MenuTableViewController.m */,
				ACE3528920ADCAF9003A01FD /* SearchResultTableViewController.h */,
				ACE3528A20ADCAF9003A01FD /* SearchResultTableViewController.m */,
			);
			path = Controllers;
			sourceTree = "<group>";
		};
		ACE3528020AD64CA003A01FD /* Views */ = {
			isa = PBXGroup;
			children = (
				ACE3527720AC349E003A01FD /* ImagesCache.h */,
				ACE3527620AC349D003A01FD /* ImagesCache.m */,
				ACE3527120AAFDE3003A01FD /* MovieTableViewCell.h */,
				ACE3527220AAFDE3003A01FD /* MovieTableViewCell.m */,
				ACE3527320AAFDE3003A01FD /* MovieTableViewCell.xib */,
				ACE3523520AAB6B3003A01FD /* Main.storyboard */,
				ACE3527C20AC4E53003A01FD /* Detail.storyboard */,
				ACE3523A20AAB6B8003A01FD /* LaunchScreen.storyboard */,
				ACE3528520AD6582003A01FD /* Menu.storyboard */,
				ACE3528720ADC881003A01FD /* SearchResult.storyboard */,
			);
			path = Views;
			sourceTree = "<group>";
		};
		ACE3528120AD6510003A01FD /* Model */ = {
			isa = PBXGroup;
			children = (
				ACE3526B20AAE270003A01FD /* ShortMovie.h */,
				ACE3526C20AAE270003A01FD /* ShortMovie.m */,
				ACE3526E20AAE299003A01FD /* FullMovie.h */,
				ACE3526F20AAE299003A01FD /* FullMovie.m */,
				ACE3526420AACF7B003A01FD /* PresentDataProtocol.h */,
				ACE3526520AAD899003A01FD /* ViewDataPresenter.h */,
				ACE3526620AAD899003A01FD /* ViewDataPresenter.m */,
				ACE3526120AACBFA003A01FD /* APIManager.h */,
				ACE3526220AACBFA003A01FD /* APIManager.m */,
				ACE3522F20AAB6B3003A01FD /* AppDelegate.h */,
				ACE3523020AAB6B3003A01FD /* AppDelegate.m */,
			);
			path = Model;
			sourceTree = "<group>";
		};
/* End PBXGroup section */

/* Begin PBXNativeTarget section */
		ACE3522B20AAB6B3003A01FD /* MovieList */ = {
			isa = PBXNativeTarget;
			buildConfigurationList = ACE3525820AAB6B9003A01FD /* Build configuration list for PBXNativeTarget "MovieList" */;
			buildPhases = (
				3483E40241763AE156653B02 /* [CP] Check Pods Manifest.lock */,
				ACE3522820AAB6B3003A01FD /* Sources */,
				ACE3522920AAB6B3003A01FD /* Frameworks */,
				ACE3522A20AAB6B3003A01FD /* Resources */,
				7735EFCECCDD91761E71A00E /* [CP] Embed Pods Frameworks */,
				937222EF40F3DED8A8678040 /* [CP] Copy Pods Resources */,
			);
			buildRules = (
			);
			dependencies = (
			);
			name = MovieList;
			productName = MovieList;
			productReference = ACE3522C20AAB6B3003A01FD /* MovieList.app */;
			productType = "com.apple.product-type.application";
		};
		ACE3524320AAB6B9003A01FD /* MovieListTests */ = {
			isa = PBXNativeTarget;
			buildConfigurationList = ACE3525B20AAB6B9003A01FD /* Build configuration list for PBXNativeTarget "MovieListTests" */;
			buildPhases = (
				0FE4C7723EF1E0236CE201F6 /* [CP] Check Pods Manifest.lock */,
				ACE3524020AAB6B9003A01FD /* Sources */,
				ACE3524120AAB6B9003A01FD /* Frameworks */,
				ACE3524220AAB6B9003A01FD /* Resources */,
				931B48FFC90A9A9D19BC0026 /* [CP] Embed Pods Frameworks */,
				00A9CA4467118D08EBEE338A /* [CP] Copy Pods Resources */,
			);
			buildRules = (
			);
			dependencies = (
				ACE3524620AAB6B9003A01FD /* PBXTargetDependency */,
			);
			name = MovieListTests;
			productName = MovieListTests;
			productReference = ACE3524420AAB6B9003A01FD /* MovieListTests.xctest */;
			productType = "com.apple.product-type.bundle.unit-test";
		};
		ACE3524E20AAB6B9003A01FD /* MovieListUITests */ = {
			isa = PBXNativeTarget;
			buildConfigurationList = ACE3525E20AAB6B9003A01FD /* Build configuration list for PBXNativeTarget "MovieListUITests" */;
			buildPhases = (
				658ECEE7BB47302F8C3F3970 /* [CP] Check Pods Manifest.lock */,
				ACE3524B20AAB6B9003A01FD /* Sources */,
				ACE3524C20AAB6B9003A01FD /* Frameworks */,
				ACE3524D20AAB6B9003A01FD /* Resources */,
				988D7619A054046FEE1F22BF /* [CP] Embed Pods Frameworks */,
				35A261F0C689C96BCAAA1B28 /* [CP] Copy Pods Resources */,
			);
			buildRules = (
			);
			dependencies = (
				ACE3525120AAB6B9003A01FD /* PBXTargetDependency */,
			);
			name = MovieListUITests;
			productName = MovieListUITests;
			productReference = ACE3524F20AAB6B9003A01FD /* MovieListUITests.xctest */;
			productType = "com.apple.product-type.bundle.ui-testing";
		};
/* End PBXNativeTarget section */

/* Begin PBXProject section */
		ACE3522420AAB6B3003A01FD /* Project object */ = {
			isa = PBXProject;
			attributes = {
				LastUpgradeCheck = 0930;
				ORGANIZATIONNAME = "Артем Рябцев";
				TargetAttributes = {
					ACE3522B20AAB6B3003A01FD = {
						CreatedOnToolsVersion = 9.3;
					};
					ACE3524320AAB6B9003A01FD = {
						CreatedOnToolsVersion = 9.3;
						TestTargetID = ACE3522B20AAB6B3003A01FD;
					};
					ACE3524E20AAB6B9003A01FD = {
						CreatedOnToolsVersion = 9.3;
						TestTargetID = ACE3522B20AAB6B3003A01FD;
					};
				};
			};
			buildConfigurationList = ACE3522720AAB6B3003A01FD /* Build configuration list for PBXProject "MovieList" */;
			compatibilityVersion = "Xcode 9.3";
			developmentRegion = en;
			hasScannedForEncodings = 0;
			knownRegions = (
				en,
				Base,
			);
			mainGroup = ACE3522320AAB6B3003A01FD;
			productRefGroup = ACE3522D20AAB6B3003A01FD /* Products */;
			projectDirPath = "";
			projectRoot = "";
			targets = (
				ACE3522B20AAB6B3003A01FD /* MovieList */,
				ACE3524320AAB6B9003A01FD /* MovieListTests */,
				ACE3524E20AAB6B9003A01FD /* MovieListUITests */,
			);
		};
/* End PBXProject section */

/* Begin PBXResourcesBuildPhase section */
		ACE3522A20AAB6B3003A01FD /* Resources */ = {
			isa = PBXResourcesBuildPhase;
			buildActionMask = 2147483647;
			files = (
				ACE3523C20AAB6B8003A01FD /* LaunchScreen.storyboard in Resources */,
				ACE3523920AAB6B8003A01FD /* Assets.xcassets in Resources */,
				ACE3528820ADC881003A01FD /* SearchResult.storyboard in Resources */,
				ACE3527520AAFDE3003A01FD /* MovieTableViewCell.xib in Resources */,
				ACE3528620AD6582003A01FD /* Menu.storyboard in Resources */,
				ACE3527D20AC4E53003A01FD /* Detail.storyboard in Resources */,
				ACE3523720AAB6B3003A01FD /* Main.storyboard in Resources */,
			);
			runOnlyForDeploymentPostprocessing = 0;
		};
		ACE3524220AAB6B9003A01FD /* Resources */ = {
			isa = PBXResourcesBuildPhase;
			buildActionMask = 2147483647;
			files = (
			);
			runOnlyForDeploymentPostprocessing = 0;
		};
		ACE3524D20AAB6B9003A01FD /* Resources */ = {
			isa = PBXResourcesBuildPhase;
			buildActionMask = 2147483647;
			files = (
			);
			runOnlyForDeploymentPostprocessing = 0;
		};
/* End PBXResourcesBuildPhase section */

/* Begin PBXShellScriptBuildPhase section */
		00A9CA4467118D08EBEE338A /* [CP] Copy Pods Resources */ = {
			isa = PBXShellScriptBuildPhase;
			buildActionMask = 2147483647;
			files = (
			);
			inputPaths = (
			);
			name = "[CP] Copy Pods Resources";
			outputPaths = (
			);
			runOnlyForDeploymentPostprocessing = 0;
			shellPath = /bin/sh;
			shellScript = "\"${SRCROOT}/Pods/Target Support Files/Pods-MovieListTests/Pods-MovieListTests-resources.sh\"\n";
			showEnvVarsInLog = 0;
		};
		0FE4C7723EF1E0236CE201F6 /* [CP] Check Pods Manifest.lock */ = {
			isa = PBXShellScriptBuildPhase;
			buildActionMask = 2147483647;
			files = (
			);
			inputPaths = (
				"${PODS_PODFILE_DIR_PATH}/Podfile.lock",
				"${PODS_ROOT}/Manifest.lock",
			);
			name = "[CP] Check Pods Manifest.lock";
			outputPaths = (
				"$(DERIVED_FILE_DIR)/Pods-MovieListTests-checkManifestLockResult.txt",
			);
			runOnlyForDeploymentPostprocessing = 0;
			shellPath = /bin/sh;
			shellScript = "diff \"${PODS_PODFILE_DIR_PATH}/Podfile.lock\" \"${PODS_ROOT}/Manifest.lock\" > /dev/null\nif [ $? != 0 ] ; then\n    # print error to STDERR\n    echo \"error: The sandbox is not in sync with the Podfile.lock. Run 'pod install' or update your CocoaPods installation.\" >&2\n    exit 1\nfi\n# This output is used by Xcode 'outputs' to avoid re-running this script phase.\necho \"SUCCESS\" > \"${SCRIPT_OUTPUT_FILE_0}\"\n";
			showEnvVarsInLog = 0;
		};
		3483E40241763AE156653B02 /* [CP] Check Pods Manifest.lock */ = {
			isa = PBXShellScriptBuildPhase;
			buildActionMask = 2147483647;
			files = (
			);
			inputPaths = (
				"${PODS_PODFILE_DIR_PATH}/Podfile.lock",
				"${PODS_ROOT}/Manifest.lock",
			);
			name = "[CP] Check Pods Manifest.lock";
			outputPaths = (
				"$(DERIVED_FILE_DIR)/Pods-MovieList-checkManifestLockResult.txt",
			);
			runOnlyForDeploymentPostprocessing = 0;
			shellPath = /bin/sh;
			shellScript = "diff \"${PODS_PODFILE_DIR_PATH}/Podfile.lock\" \"${PODS_ROOT}/Manifest.lock\" > /dev/null\nif [ $? != 0 ] ; then\n    # print error to STDERR\n    echo \"error: The sandbox is not in sync with the Podfile.lock. Run 'pod install' or update your CocoaPods installation.\" >&2\n    exit 1\nfi\n# This output is used by Xcode 'outputs' to avoid re-running this script phase.\necho \"SUCCESS\" > \"${SCRIPT_OUTPUT_FILE_0}\"\n";
			showEnvVarsInLog = 0;
		};
		35A261F0C689C96BCAAA1B28 /* [CP] Copy Pods Resources */ = {
			isa = PBXShellScriptBuildPhase;
			buildActionMask = 2147483647;
			files = (
			);
			inputPaths = (
			);
			name = "[CP] Copy Pods Resources";
			outputPaths = (
			);
			runOnlyForDeploymentPostprocessing = 0;
			shellPath = /bin/sh;
			shellScript = "\"${SRCROOT}/Pods/Target Support Files/Pods-MovieListUITests/Pods-MovieListUITests-resources.sh\"\n";
			showEnvVarsInLog = 0;
		};
		658ECEE7BB47302F8C3F3970 /* [CP] Check Pods Manifest.lock */ = {
			isa = PBXShellScriptBuildPhase;
			buildActionMask = 2147483647;
			files = (
			);
			inputPaths = (
				"${PODS_PODFILE_DIR_PATH}/Podfile.lock",
				"${PODS_ROOT}/Manifest.lock",
			);
			name = "[CP] Check Pods Manifest.lock";
			outputPaths = (
				"$(DERIVED_FILE_DIR)/Pods-MovieListUITests-checkManifestLockResult.txt",
			);
			runOnlyForDeploymentPostprocessing = 0;
			shellPath = /bin/sh;
			shellScript = "diff \"${PODS_PODFILE_DIR_PATH}/Podfile.lock\" \"${PODS_ROOT}/Manifest.lock\" > /dev/null\nif [ $? != 0 ] ; then\n    # print error to STDERR\n    echo \"error: The sandbox is not in sync with the Podfile.lock. Run 'pod install' or update your CocoaPods installation.\" >&2\n    exit 1\nfi\n# This output is used by Xcode 'outputs' to avoid re-running this script phase.\necho \"SUCCESS\" > \"${SCRIPT_OUTPUT_FILE_0}\"\n";
			showEnvVarsInLog = 0;
		};
		7735EFCECCDD91761E71A00E /* [CP] Embed Pods Frameworks */ = {
			isa = PBXShellScriptBuildPhase;
			buildActionMask = 2147483647;
			files = (
			);
			inputPaths = (
			);
			name = "[CP] Embed Pods Frameworks";
			outputPaths = (
			);
			runOnlyForDeploymentPostprocessing = 0;
			shellPath = /bin/sh;
			shellScript = "\"${SRCROOT}/Pods/Target Support Files/Pods-MovieList/Pods-MovieList-frameworks.sh\"\n";
			showEnvVarsInLog = 0;
		};
		931B48FFC90A9A9D19BC0026 /* [CP] Embed Pods Frameworks */ = {
			isa = PBXShellScriptBuildPhase;
			buildActionMask = 2147483647;
			files = (
			);
			inputPaths = (
			);
			name = "[CP] Embed Pods Frameworks";
			outputPaths = (
			);
			runOnlyForDeploymentPostprocessing = 0;
			shellPath = /bin/sh;
			shellScript = "\"${SRCROOT}/Pods/Target Support Files/Pods-MovieListTests/Pods-MovieListTests-frameworks.sh\"\n";
			showEnvVarsInLog = 0;
		};
		937222EF40F3DED8A8678040 /* [CP] Copy Pods Resources */ = {
			isa = PBXShellScriptBuildPhase;
			buildActionMask = 2147483647;
			files = (
			);
			inputPaths = (
			);
			name = "[CP] Copy Pods Resources";
			outputPaths = (
			);
			runOnlyForDeploymentPostprocessing = 0;
			shellPath = /bin/sh;
			shellScript = "\"${SRCROOT}/Pods/Target Support Files/Pods-MovieList/Pods-MovieList-resources.sh\"\n";
			showEnvVarsInLog = 0;
		};
		988D7619A054046FEE1F22BF /* [CP] Embed Pods Frameworks */ = {
			isa = PBXShellScriptBuildPhase;
			buildActionMask = 2147483647;
			files = (
			);
			inputPaths = (
			);
			name = "[CP] Embed Pods Frameworks";
			outputPaths = (
			);
			runOnlyForDeploymentPostprocessing = 0;
			shellPath = /bin/sh;
			shellScript = "\"${SRCROOT}/Pods/Target Support Files/Pods-MovieListUITests/Pods-MovieListUITests-frameworks.sh\"\n";
			showEnvVarsInLog = 0;
		};
/* End PBXShellScriptBuildPhase section */

/* Begin PBXSourcesBuildPhase section */
		ACE3522820AAB6B3003A01FD /* Sources */ = {
			isa = PBXSourcesBuildPhase;
			buildActionMask = 2147483647;
			files = (
				ACE3528B20ADCAF9003A01FD /* SearchResultTableViewController.m in Sources */,
				ACE3526320AACBFA003A01FD /* APIManager.m in Sources */,
				ACE3526D20AAE270003A01FD /* ShortMovie.m in Sources */,
				ACE3527420AAFDE3003A01FD /* MovieTableViewCell.m in Sources */,
				ACE3526720AAD899003A01FD /* ViewDataPresenter.m in Sources */,
				ACE3523420AAB6B3003A01FD /* ViewController.m in Sources */,
				ACE3527B20AC4E3C003A01FD /* DetailViewController.m in Sources */,
				ACE3523F20AAB6B8003A01FD /* main.m in Sources */,
				ACE3523120AAB6B3003A01FD /* AppDelegate.m in Sources */,
				ACE3527020AAE299003A01FD /* FullMovie.m in Sources */,
				ACE3527820AC349E003A01FD /* ImagesCache.m in Sources */,
				ACE3528420AD6545003A01FD /* MenuTableViewController.m in Sources */,
			);
			runOnlyForDeploymentPostprocessing = 0;
		};
		ACE3524020AAB6B9003A01FD /* Sources */ = {
			isa = PBXSourcesBuildPhase;
			buildActionMask = 2147483647;
			files = (
				ACE3524920AAB6B9003A01FD /* MovieListTests.m in Sources */,
			);
			runOnlyForDeploymentPostprocessing = 0;
		};
		ACE3524B20AAB6B9003A01FD /* Sources */ = {
			isa = PBXSourcesBuildPhase;
			buildActionMask = 2147483647;
			files = (
				ACE3525420AAB6B9003A01FD /* MovieListUITests.m in Sources */,
			);
			runOnlyForDeploymentPostprocessing = 0;
		};
/* End PBXSourcesBuildPhase section */

/* Begin PBXTargetDependency section */
		ACE3524620AAB6B9003A01FD /* PBXTargetDependency */ = {
			isa = PBXTargetDependency;
			target = ACE3522B20AAB6B3003A01FD /* MovieList */;
			targetProxy = ACE3524520AAB6B9003A01FD /* PBXContainerItemProxy */;
		};
		ACE3525120AAB6B9003A01FD /* PBXTargetDependency */ = {
			isa = PBXTargetDependency;
			target = ACE3522B20AAB6B3003A01FD /* MovieList */;
			targetProxy = ACE3525020AAB6B9003A01FD /* PBXContainerItemProxy */;
		};
/* End PBXTargetDependency section */

/* Begin PBXVariantGroup section */
		ACE3523520AAB6B3003A01FD /* Main.storyboard */ = {
			isa = PBXVariantGroup;
			children = (
				ACE3523620AAB6B3003A01FD /* Base */,
			);
			name = Main.storyboard;
			sourceTree = "<group>";
		};
		ACE3523A20AAB6B8003A01FD /* LaunchScreen.storyboard */ = {
			isa = PBXVariantGroup;
			children = (
				ACE3523B20AAB6B8003A01FD /* Base */,
			);
			name = LaunchScreen.storyboard;
			sourceTree = "<group>";
		};
/* End PBXVariantGroup section */

/* Begin XCBuildConfiguration section */
		ACE3525620AAB6B9003A01FD /* Debug */ = {
			isa = XCBuildConfiguration;
			buildSettings = {
				ALWAYS_SEARCH_USER_PATHS = NO;
				CLANG_ANALYZER_NONNULL = YES;
				CLANG_ANALYZER_NUMBER_OBJECT_CONVERSION = YES_AGGRESSIVE;
				CLANG_CXX_LANGUAGE_STANDARD = "gnu++14";
				CLANG_CXX_LIBRARY = "libc++";
				CLANG_ENABLE_MODULES = YES;
				CLANG_ENABLE_OBJC_ARC = YES;
				CLANG_ENABLE_OBJC_WEAK = YES;
				CLANG_WARN_BLOCK_CAPTURE_AUTORELEASING = YES;
				CLANG_WARN_BOOL_CONVERSION = YES;
				CLANG_WARN_COMMA = YES;
				CLANG_WARN_CONSTANT_CONVERSION = YES;
				CLANG_WARN_DEPRECATED_OBJC_IMPLEMENTATIONS = YES;
				CLANG_WARN_DIRECT_OBJC_ISA_USAGE = YES_ERROR;
				CLANG_WARN_DOCUMENTATION_COMMENTS = YES;
				CLANG_WARN_EMPTY_BODY = YES;
				CLANG_WARN_ENUM_CONVERSION = YES;
				CLANG_WARN_INFINITE_RECURSION = YES;
				CLANG_WARN_INT_CONVERSION = YES;
				CLANG_WARN_NON_LITERAL_NULL_CONVERSION = YES;
				CLANG_WARN_OBJC_IMPLICIT_RETAIN_SELF = YES;
				CLANG_WARN_OBJC_LITERAL_CONVERSION = YES;
				CLANG_WARN_OBJC_ROOT_CLASS = YES_ERROR;
				CLANG_WARN_RANGE_LOOP_ANALYSIS = YES;
				CLANG_WARN_STRICT_PROTOTYPES = YES;
				CLANG_WARN_SUSPICIOUS_MOVE = YES;
				CLANG_WARN_UNGUARDED_AVAILABILITY = YES_AGGRESSIVE;
				CLANG_WARN_UNREACHABLE_CODE = YES;
				CLANG_WARN__DUPLICATE_METHOD_MATCH = YES;
				CODE_SIGN_IDENTITY = "iPhone Developer";
				COPY_PHASE_STRIP = NO;
				DEBUG_INFORMATION_FORMAT = dwarf;
				ENABLE_STRICT_OBJC_MSGSEND = YES;
				ENABLE_TESTABILITY = YES;
				GCC_C_LANGUAGE_STANDARD = gnu11;
				GCC_DYNAMIC_NO_PIC = NO;
				GCC_NO_COMMON_BLOCKS = YES;
				GCC_OPTIMIZATION_LEVEL = 0;
				GCC_PREPROCESSOR_DEFINITIONS = (
					"DEBUG=1",
					"$(inherited)",
				);
				GCC_WARN_64_TO_32_BIT_CONVERSION = YES;
				GCC_WARN_ABOUT_RETURN_TYPE = YES_ERROR;
				GCC_WARN_UNDECLARED_SELECTOR = YES;
				GCC_WARN_UNINITIALIZED_AUTOS = YES_AGGRESSIVE;
				GCC_WARN_UNUSED_FUNCTION = YES;
				GCC_WARN_UNUSED_VARIABLE = YES;
				IPHONEOS_DEPLOYMENT_TARGET = 10.0;
				MTL_ENABLE_DEBUG_INFO = YES;
				ONLY_ACTIVE_ARCH = YES;
				SDKROOT = iphoneos;
			};
			name = Debug;
		};
		ACE3525720AAB6B9003A01FD /* Release */ = {
			isa = XCBuildConfiguration;
			buildSettings = {
				ALWAYS_SEARCH_USER_PATHS = NO;
				CLANG_ANALYZER_NONNULL = YES;
				CLANG_ANALYZER_NUMBER_OBJECT_CONVERSION = YES_AGGRESSIVE;
				CLANG_CXX_LANGUAGE_STANDARD = "gnu++14";
				CLANG_CXX_LIBRARY = "libc++";
				CLANG_ENABLE_MODULES = YES;
				CLANG_ENABLE_OBJC_ARC = YES;
				CLANG_ENABLE_OBJC_WEAK = YES;
				CLANG_WARN_BLOCK_CAPTURE_AUTORELEASING = YES;
				CLANG_WARN_BOOL_CONVERSION = YES;
				CLANG_WARN_COMMA = YES;
				CLANG_WARN_CONSTANT_CONVERSION = YES;
				CLANG_WARN_DEPRECATED_OBJC_IMPLEMENTATIONS = YES;
				CLANG_WARN_DIRECT_OBJC_ISA_USAGE = YES_ERROR;
				CLANG_WARN_DOCUMENTATION_COMMENTS = YES;
				CLANG_WARN_EMPTY_BODY = YES;
				CLANG_WARN_ENUM_CONVERSION = YES;
				CLANG_WARN_INFINITE_RECURSION = YES;
				CLANG_WARN_INT_CONVERSION = YES;
				CLANG_WARN_NON_LITERAL_NULL_CONVERSION = YES;
				CLANG_WARN_OBJC_IMPLICIT_RETAIN_SELF = YES;
				CLANG_WARN_OBJC_LITERAL_CONVERSION = YES;
				CLANG_WARN_OBJC_ROOT_CLASS = YES_ERROR;
				CLANG_WARN_RANGE_LOOP_ANALYSIS = YES;
				CLANG_WARN_STRICT_PROTOTYPES = YES;
				CLANG_WARN_SUSPICIOUS_MOVE = YES;
				CLANG_WARN_UNGUARDED_AVAILABILITY = YES_AGGRESSIVE;
				CLANG_WARN_UNREACHABLE_CODE = YES;
				CLANG_WARN__DUPLICATE_METHOD_MATCH = YES;
				CODE_SIGN_IDENTITY = "iPhone Developer";
				COPY_PHASE_STRIP = NO;
				DEBUG_INFORMATION_FORMAT = "dwarf-with-dsym";
				ENABLE_NS_ASSERTIONS = NO;
				ENABLE_STRICT_OBJC_MSGSEND = YES;
				GCC_C_LANGUAGE_STANDARD = gnu11;
				GCC_NO_COMMON_BLOCKS = YES;
				GCC_WARN_64_TO_32_BIT_CONVERSION = YES;
				GCC_WARN_ABOUT_RETURN_TYPE = YES_ERROR;
				GCC_WARN_UNDECLARED_SELECTOR = YES;
				GCC_WARN_UNINITIALIZED_AUTOS = YES_AGGRESSIVE;
				GCC_WARN_UNUSED_FUNCTION = YES;
				GCC_WARN_UNUSED_VARIABLE = YES;
				IPHONEOS_DEPLOYMENT_TARGET = 10.0;
				MTL_ENABLE_DEBUG_INFO = NO;
				SDKROOT = iphoneos;
				VALIDATE_PRODUCT = YES;
			};
			name = Release;
		};
		ACE3525920AAB6B9003A01FD /* Debug */ = {
			isa = XCBuildConfiguration;
			baseConfigurationReference = 5EE05A2FC362D91AA3034DAB /* Pods-MovieList.debug.xcconfig */;
			buildSettings = {
				ASSETCATALOG_COMPILER_APPICON_NAME = AppIcon;
				CODE_SIGN_STYLE = Automatic;
				INFOPLIST_FILE = MovieList/Info.plist;
				IPHONEOS_DEPLOYMENT_TARGET = 10.0;
				LD_RUNPATH_SEARCH_PATHS = (
					"$(inherited)",
					"@executable_path/Frameworks",
				);
				PRODUCT_BUNDLE_IDENTIFIER = AS.MovieList;
				PRODUCT_NAME = "$(TARGET_NAME)";
				TARGETED_DEVICE_FAMILY = "1,2";
			};
			name = Debug;
		};
		ACE3525A20AAB6B9003A01FD /* Release */ = {
			isa = XCBuildConfiguration;
			baseConfigurationReference = 084CE6F69EBDF2F87B1D979D /* Pods-MovieList.release.xcconfig */;
			buildSettings = {
				ASSETCATALOG_COMPILER_APPICON_NAME = AppIcon;
				CODE_SIGN_STYLE = Automatic;
				INFOPLIST_FILE = MovieList/Info.plist;
				IPHONEOS_DEPLOYMENT_TARGET = 10.0;
				LD_RUNPATH_SEARCH_PATHS = (
					"$(inherited)",
					"@executable_path/Frameworks",
				);
				PRODUCT_BUNDLE_IDENTIFIER = AS.MovieList;
				PRODUCT_NAME = "$(TARGET_NAME)";
				TARGETED_DEVICE_FAMILY = "1,2";
			};
			name = Release;
		};
		ACE3525C20AAB6B9003A01FD /* Debug */ = {
			isa = XCBuildConfiguration;
			baseConfigurationReference = 3642542B21C2EFADA1D4879F /* Pods-MovieListTests.debug.xcconfig */;
			buildSettings = {
				BUNDLE_LOADER = "$(TEST_HOST)";
				CODE_SIGN_STYLE = Automatic;
				INFOPLIST_FILE = MovieListTests/Info.plist;
				LD_RUNPATH_SEARCH_PATHS = (
					"$(inherited)",
					"@executable_path/Frameworks",
					"@loader_path/Frameworks",
				);
				PRODUCT_BUNDLE_IDENTIFIER = AS.MovieListTests;
				PRODUCT_NAME = "$(TARGET_NAME)";
				TARGETED_DEVICE_FAMILY = "1,2";
				TEST_HOST = "$(BUILT_PRODUCTS_DIR)/MovieList.app/MovieList";
			};
			name = Debug;
		};
		ACE3525D20AAB6B9003A01FD /* Release */ = {
			isa = XCBuildConfiguration;
			baseConfigurationReference = 85FF81D13022E91D45134B4D /* Pods-MovieListTests.release.xcconfig */;
			buildSettings = {
				BUNDLE_LOADER = "$(TEST_HOST)";
				CODE_SIGN_STYLE = Automatic;
				INFOPLIST_FILE = MovieListTests/Info.plist;
				LD_RUNPATH_SEARCH_PATHS = (
					"$(inherited)",
					"@executable_path/Frameworks",
					"@loader_path/Frameworks",
				);
				PRODUCT_BUNDLE_IDENTIFIER = AS.MovieListTests;
				PRODUCT_NAME = "$(TARGET_NAME)";
				TARGETED_DEVICE_FAMILY = "1,2";
				TEST_HOST = "$(BUILT_PRODUCTS_DIR)/MovieList.app/MovieList";
			};
			name = Release;
		};
		ACE3525F20AAB6B9003A01FD /* Debug */ = {
			isa = XCBuildConfiguration;
			baseConfigurationReference = 210C27065E68F58F1DAB24B5 /* Pods-MovieListUITests.debug.xcconfig */;
			buildSettings = {
				CODE_SIGN_STYLE = Automatic;
				INFOPLIST_FILE = MovieListUITests/Info.plist;
				LD_RUNPATH_SEARCH_PATHS = (
					"$(inherited)",
					"@executable_path/Frameworks",
					"@loader_path/Frameworks",
				);
				PRODUCT_BUNDLE_IDENTIFIER = AS.MovieListUITests;
				PRODUCT_NAME = "$(TARGET_NAME)";
				TARGETED_DEVICE_FAMILY = "1,2";
				TEST_TARGET_NAME = MovieList;
			};
			name = Debug;
		};
		ACE3526020AAB6B9003A01FD /* Release */ = {
			isa = XCBuildConfiguration;
			baseConfigurationReference = 52BC6FE9AE1FEA050099244F /* Pods-MovieListUITests.release.xcconfig */;
			buildSettings = {
				CODE_SIGN_STYLE = Automatic;
				INFOPLIST_FILE = MovieListUITests/Info.plist;
				LD_RUNPATH_SEARCH_PATHS = (
					"$(inherited)",
					"@executable_path/Frameworks",
					"@loader_path/Frameworks",
				);
				PRODUCT_BUNDLE_IDENTIFIER = AS.MovieListUITests;
				PRODUCT_NAME = "$(TARGET_NAME)";
				TARGETED_DEVICE_FAMILY = "1,2";
				TEST_TARGET_NAME = MovieList;
			};
			name = Release;
		};
/* End XCBuildConfiguration section */

/* Begin XCConfigurationList section */
		ACE3522720AAB6B3003A01FD /* Build configuration list for PBXProject "MovieList" */ = {
			isa = XCConfigurationList;
			buildConfigurations = (
				ACE3525620AAB6B9003A01FD /* Debug */,
				ACE3525720AAB6B9003A01FD /* Release */,
			);
			defaultConfigurationIsVisible = 0;
			defaultConfigurationName = Release;
		};
		ACE3525820AAB6B9003A01FD /* Build configuration list for PBXNativeTarget "MovieList" */ = {
			isa = XCConfigurationList;
			buildConfigurations = (
				ACE3525920AAB6B9003A01FD /* Debug */,
				ACE3525A20AAB6B9003A01FD /* Release */,
			);
			defaultConfigurationIsVisible = 0;
			defaultConfigurationName = Release;
		};
		ACE3525B20AAB6B9003A01FD /* Build configuration list for PBXNativeTarget "MovieListTests" */ = {
			isa = XCConfigurationList;
			buildConfigurations = (
				ACE3525C20AAB6B9003A01FD /* Debug */,
				ACE3525D20AAB6B9003A01FD /* Release */,
			);
			defaultConfigurationIsVisible = 0;
			defaultConfigurationName = Release;
		};
		ACE3525E20AAB6B9003A01FD /* Build configuration list for PBXNativeTarget "MovieListUITests" */ = {
			isa = XCConfigurationList;
			buildConfigurations = (
				ACE3525F20AAB6B9003A01FD /* Debug */,
				ACE3526020AAB6B9003A01FD /* Release */,
			);
			defaultConfigurationIsVisible = 0;
			defaultConfigurationName = Release;
		};
/* End XCConfigurationList section */
	};
	rootObject = ACE3522420AAB6B3003A01FD /* Project object */;
}
